# This file is automatically @generated by Cargo.
# It is not intended for manual editing.
version = 4

[[package]]
name = "kernel"
version = "0.1.0"

[[package]]
name = "posix"
version = "0.1.0"

[[package]]
name = "qemu-tests"
version = "0.1.0"
dependencies = [
 "kernel",
 "posix",
 "runtime",
]

[[package]]
name = "rheo-libc"
version = "0.1.0"
dependencies = [
 "runtime",
]

[[package]]
name = "runtime"
version = "0.1.0"

[[package]]
name = "userland"
version = "0.1.0"

[[package]]
name = "xtask"
version = "0.1.0"
